
Microsoft Visual Studio Solution File, Format Version 12.00
# Visual Studio 15
VisualStudioVersion = 15.0.28307.902
MinimumVisualStudioVersion = 10.0.40219.1
Project("{9A19103F-16F7-4668-BE54-9A1E7A4F7556}") = "snake_draft", "snake_draft\snake_draft.csproj", "{9A98522F-2AC4-4995-BD88-F0F3AFDFAD2C}"
EndProject
Project("{9A19103F-16F7-4668-BE54-9A1E7A4F7556}") = "point", "point\point.csproj", "{91EF0C42-3208-4F80-8281-90CC336674A7}"
EndProject
Global
	GlobalSection(SolutionConfigurationPlatforms) = preSolution
		Debug|Any CPU = Debug|Any CPU
		Release|Any CPU = Release|Any CPU
	EndGlobalSection
	GlobalSection(ProjectConfigurationPlatforms) = postSolution
		{9A98522F-2AC4-4995-BD88-F0F3AFDFAD2C}.Debug|Any CPU.ActiveCfg = Debug|Any CPU
		{9A98522F-2AC4-4995-BD88-F0F3AFDFAD2C}.Debug|Any CPU.Build.0 = Debug|Any CPU
		{9A98522F-2AC4-4995-BD88-F0F3AFDFAD2C}.Release|Any CPU.ActiveCfg = Release|Any CPU
		{9A98522F-2AC4-4995-BD88-F0F3AFDFAD2C}.Release|Any CPU.Build.0 = Release|Any CPU
		{91EF0C42-3208-4F80-8281-90CC336674A7}.Debug|Any CPU.ActiveCfg = Debug|Any CPU
		{91EF0C42-3208-4F80-8281-90CC336674A7}.Debug|Any CPU.Build.0 = Debug|Any CPU
		{91EF0C42-3208-4F80-8281-90CC336674A7}.Release|Any CPU.ActiveCfg = Release|Any CPU
		{91EF0C42-3208-4F80-8281-90CC336674A7}.Release|Any CPU.Build.0 = Release|Any CPU
	EndGlobalSection
	GlobalSection(SolutionProperties) = preSolution
		HideSolutionNode = FALSE
	EndGlobalSection
	GlobalSection(ExtensibilityGlobals) = postSolution
		SolutionGuid = {2980F03A-2ABD-4763-9755-7193E6D18638}
	EndGlobalSection
EndGlobal
